
Microsoft Visual Studio Solution File, Format Version 12.00
# Visual Studio Version 16
VisualStudioVersion = 16.0.30804.86
MinimumVisualStudioVersion = 10.0.40219.1
Project("{FAE04EC0-301F-11D3-BF4B-00C04F79EFBC}") = "ClassMetotDemo", "ClassMetotDemo\ClassMetotDemo.csproj", "{A52F1890-2C75-46D1-8BF3-48EB385FDD1F}"
EndProject
Global
	GlobalSection(SolutionConfigurationPlatforms) = preSolution
		Debug|Any CPU = Debug|Any CPU
		Release|Any CPU = Release|Any CPU
	EndGlobalSection
	GlobalSection(ProjectConfigurationPlatforms) = postSolution
		{A52F1890-2C75-46D1-8BF3-48EB385FDD1F}.Debug|Any CPU.ActiveCfg = Debug|Any CPU
		{A52F1890-2C75-46D1-8BF3-48EB385FDD1F}.Debug|Any CPU.Build.0 = Debug|Any CPU
		{A52F1890-2C75-46D1-8BF3-48EB385FDD1F}.Release|Any CPU.ActiveCfg = Release|Any CPU
		{A52F1890-2C75-46D1-8BF3-48EB385FDD1F}.Release|Any CPU.Build.0 = Release|Any CPU
	EndGlobalSection
	GlobalSection(SolutionProperties) = preSolution
		HideSolutionNode = FALSE
	EndGlobalSection
	GlobalSection(ExtensibilityGlobals) = postSolution
		SolutionGuid = {1FC2320B-1FFD-40AD-A377-462DC7927449}
	EndGlobalSection
EndGlobal
